PODS:
  - React (0.59.9):
    - React/Core (= 0.59.9)
  - react-native-twilio-video-webrtc (1.0.2):
    - React
    - TwilioVideo (~> 3.2)
  - React/Core (0.59.9):
    - yoga (= 0.59.9.React)
  - TwilioVideo (3.2.3)
  - yoga (0.59.9.React)

DEPENDENCIES:
  - React (from `../node_modules/react-native`)
  - react-native-twilio-video-webrtc (from `../../`)
  - yoga (from `../node_modules/react-native/ReactCommon/yoga/Yoga.podspec`)

SPEC REPOS:
  https://github.com/CocoaPods/Specs.git:
    - TwilioVideo

EXTERNAL SOURCES:
  React:
    :path: "../node_modules/react-native"
  react-native-twilio-video-webrtc:
    :path: "../../"
  yoga:
    :path: "../node_modules/react-native/ReactCommon/yoga/Yoga.podspec"

SPEC CHECKSUMS:
  React: a86b92f00edbe1873a63e4a212c29b7a7ad5224f
  react-native-twilio-video-webrtc: c4f96884c6366b7ba57cb787c800fce995eb09e0
  TwilioVideo: 6f0263ec3679454b1aa0808d91dcc14c273dc38d
  yoga: 03ff42a6f223fb88deeaed60249020d80c3091ee

PODFILE CHECKSUM: 2bba8195f6f27b526466f1f7dc6d68b6301167ca

COCOAPODS: 1.9.1
